Microsoft Visual Studio Solution File, Format Version 12.00
# Visual Studio 2012
Project("{FAE04EC0-301F-11D3-BF4B-00C04F79EFBC}") = "GodotFSharpListBugMVP", "GodotFSharpListBugMVP.csproj", "{B0CDCC28-81D8-40C3-B20C-2F634D3BACFE}"
EndProject
Project("{F2A71F9B-5D33-465A-A702-920D77279786}") = "FSharpLib", "..\FSharpLib\FSharpLib.fsproj", "{5751C1E8-9A28-4B88-81A5-C0124B43DA53}"
EndProject
Global
	GlobalSection(SolutionConfigurationPlatforms) = preSolution
		Debug|Any CPU = Debug|Any CPU
		ExportDebug|Any CPU = ExportDebug|Any CPU
		ExportRelease|Any CPU = ExportRelease|Any CPU
	EndGlobalSection
	GlobalSection(ProjectConfigurationPlatforms) = postSolution
		{B0CDCC28-81D8-40C3-B20C-2F634D3BACFE}.Debug|Any CPU.ActiveCfg = Debug|Any CPU
		{B0CDCC28-81D8-40C3-B20C-2F634D3BACFE}.Debug|Any CPU.Build.0 = Debug|Any CPU
		{B0CDCC28-81D8-40C3-B20C-2F634D3BACFE}.ExportDebug|Any CPU.ActiveCfg = ExportDebug|Any CPU
		{B0CDCC28-81D8-40C3-B20C-2F634D3BACFE}.ExportDebug|Any CPU.Build.0 = ExportDebug|Any CPU
		{B0CDCC28-81D8-40C3-B20C-2F634D3BACFE}.ExportRelease|Any CPU.ActiveCfg = ExportRelease|Any CPU
		{B0CDCC28-81D8-40C3-B20C-2F634D3BACFE}.ExportRelease|Any CPU.Build.0 = ExportRelease|Any CPU
		{5751C1E8-9A28-4B88-81A5-C0124B43DA53}.Debug|Any CPU.ActiveCfg = Debug|Any CPU
		{5751C1E8-9A28-4B88-81A5-C0124B43DA53}.Debug|Any CPU.Build.0 = Debug|Any CPU
		{5751C1E8-9A28-4B88-81A5-C0124B43DA53}.ExportDebug|Any CPU.ActiveCfg = Debug|Any CPU
		{5751C1E8-9A28-4B88-81A5-C0124B43DA53}.ExportDebug|Any CPU.Build.0 = Debug|Any CPU
		{5751C1E8-9A28-4B88-81A5-C0124B43DA53}.ExportRelease|Any CPU.ActiveCfg = Debug|Any CPU
		{5751C1E8-9A28-4B88-81A5-C0124B43DA53}.ExportRelease|Any CPU.Build.0 = Debug|Any CPU
	EndGlobalSection
EndGlobal
